
Microsoft Visual Studio Solution File, Format Version 12.00
Project("{FAE04EC0-301F-11D3-BF4B-00C04F79EFBC}") = "SQLiteController", "SQLiteController\SQLiteController.csproj", "{861ABED8-8607-44AE-B11E-226D52F14371}"
EndProject
Global
	GlobalSection(SolutionConfigurationPlatforms) = preSolution
		Debug|Any CPU = Debug|Any CPU
		Release|Any CPU = Release|Any CPU
	EndGlobalSection
	GlobalSection(ProjectConfigurationPlatforms) = postSolution
		{861ABED8-8607-44AE-B11E-226D52F14371}.Debug|Any CPU.ActiveCfg = Debug|Any CPU
		{861ABED8-8607-44AE-B11E-226D52F14371}.Debug|Any CPU.Build.0 = Debug|Any CPU
		{861ABED8-8607-44AE-B11E-226D52F14371}.Release|Any CPU.ActiveCfg = Release|Any CPU
		{861ABED8-8607-44AE-B11E-226D52F14371}.Release|Any CPU.Build.0 = Release|Any CPU
	EndGlobalSection
EndGlobal
